
Microsoft Visual Studio Solution File, Format Version 12.00
# Visual Studio 14
VisualStudioVersion = 14.0.25123.0
MinimumVisualStudioVersion = 10.0.40219.1
Project("{FAE04EC0-301F-11D3-BF4B-00C04F79EFBC}") = "FireSharp.Tests", "FireSharp.Tests\FireSharp.Tests.csproj", "{F7C691EB-249D-48D7-BE52-DF33C55B1F96}"
EndProject
Project("{FAE04EC0-301F-11D3-BF4B-00C04F79EFBC}") = "FireSharp.WebApp", "FireSharp.WebApp\FireSharp.WebApp.csproj", "{36E7801E-AF0D-47F7-9C6C-7BE3DBB9DF30}"
EndProject
Project("{2150E333-8FDC-42A3-9474-1A3956D46DE8}") = ".nuget", ".nuget", "{83537A83-211C-4D17-B2BC-7737600D6B29}"
	ProjectSection(SolutionItems) = preProject
		.nuget\NuGet.Config = .nuget\NuGet.Config
		.nuget\NuGet.exe = .nuget\NuGet.exe
		.nuget\NuGet.targets = .nuget\NuGet.targets
	EndProjectSection
EndProject
Project("{FAE04EC0-301F-11D3-BF4B-00C04F79EFBC}") = "FireSharp", "FireSharp\FireSharp.csproj", "{67B7EA6F-DC34-4F48-8331-58DF137D78C9}"
EndProject
Project("{FAE04EC0-301F-11D3-BF4B-00C04F79EFBC}") = "FireSharp.Test.Console", "FireSharp.Test.Console\FireSharp.Test.Console.csproj", "{0DF0042E-769D-409B-A9F7-19449FD0AFD0}"
EndProject
Project("{FAE04EC0-301F-11D3-BF4B-00C04F79EFBC}") = "FireSharp.Serialization.JsonNet", "FireSharp.Serialization.JsonNet\FireSharp.Serialization.JsonNet.csproj", "{A5F20EAF-9E8E-4CED-90F3-F19869570B7C}"
EndProject
Project("{FAE04EC0-301F-11D3-BF4B-00C04F79EFBC}") = "FireSharp.Serialization.ServiceStack", "FireSharp.Serialization.ServiceStack\FireSharp.Serialization.ServiceStack.csproj", "{7B0E3BC1-4C1D-4748-B678-3197E8E194FC}"
EndProject
Global
	GlobalSection(SolutionConfigurationPlatforms) = preSolution
		Debug|Any CPU = Debug|Any CPU
		Debug|ARM = Debug|ARM
		Debug|x64 = Debug|x64
		Debug|x86 = Debug|x86
		Release|Any CPU = Release|Any CPU
		Release|ARM = Release|ARM
		Release|x64 = Release|x64
		Release|x86 = Release|x86
	EndGlobalSection
	GlobalSection(ProjectConfigurationPlatforms) = postSolution
		{F7C691EB-249D-48D7-BE52-DF33C55B1F96}.Debug|Any CPU.ActiveCfg = Debug|Any CPU
		{F7C691EB-249D-48D7-BE52-DF33C55B1F96}.Debug|Any CPU.Build.0 = Debug|Any CPU
		{F7C691EB-249D-48D7-BE52-DF33C55B1F96}.Debug|ARM.ActiveCfg = Debug|Any CPU
		{F7C691EB-249D-48D7-BE52-DF33C55B1F96}.Debug|x64.ActiveCfg = Debug|Any CPU
		{F7C691EB-249D-48D7-BE52-DF33C55B1F96}.Debug|x86.ActiveCfg = Debug|Any CPU
		{F7C691EB-249D-48D7-BE52-DF33C55B1F96}.Release|Any CPU.ActiveCfg = Release|Any CPU
		{F7C691EB-249D-48D7-BE52-DF33C55B1F96}.Release|Any CPU.Build.0 = Release|Any CPU
		{F7C691EB-249D-48D7-BE52-DF33C55B1F96}.Release|ARM.ActiveCfg = Release|Any CPU
		{F7C691EB-249D-48D7-BE52-DF33C55B1F96}.Release|x64.ActiveCfg = Release|Any CPU
		{F7C691EB-249D-48D7-BE52-DF33C55B1F96}.Release|x86.ActiveCfg = Release|Any CPU
		{36E7801E-AF0D-47F7-9C6C-7BE3DBB9DF30}.Debug|Any CPU.ActiveCfg = Debug|Any CPU
		{36E7801E-AF0D-47F7-9C6C-7BE3DBB9DF30}.Debug|Any CPU.Build.0 = Debug|Any CPU
		{36E7801E-AF0D-47F7-9C6C-7BE3DBB9DF30}.Debug|ARM.ActiveCfg = Debug|Any CPU
		{36E7801E-AF0D-47F7-9C6C-7BE3DBB9DF30}.Debug|x64.ActiveCfg = Debug|Any CPU
		{36E7801E-AF0D-47F7-9C6C-7BE3DBB9DF30}.Debug|x86.ActiveCfg = Debug|Any CPU
		{36E7801E-AF0D-47F7-9C6C-7BE3DBB9DF30}.Release|Any CPU.ActiveCfg = Release|Any CPU
		{36E7801E-AF0D-47F7-9C6C-7BE3DBB9DF30}.Release|Any CPU.Build.0 = Release|Any CPU
		{36E7801E-AF0D-47F7-9C6C-7BE3DBB9DF30}.Release|ARM.ActiveCfg = Release|Any CPU
		{36E7801E-AF0D-47F7-9C6C-7BE3DBB9DF30}.Release|x64.ActiveCfg = Release|Any CPU
		{36E7801E-AF0D-47F7-9C6C-7BE3DBB9DF30}.Release|x86.ActiveCfg = Release|Any CPU
		{67B7EA6F-DC34-4F48-8331-58DF137D78C9}.Debug|Any CPU.ActiveCfg = Debug|Any CPU
		{67B7EA6F-DC34-4F48-8331-58DF137D78C9}.Debug|Any CPU.Build.0 = Debug|Any CPU
		{67B7EA6F-DC34-4F48-8331-58DF137D78C9}.Debug|ARM.ActiveCfg = Debug|Any CPU
		{67B7EA6F-DC34-4F48-8331-58DF137D78C9}.Debug|x64.ActiveCfg = Debug|Any CPU
		{67B7EA6F-DC34-4F48-8331-58DF137D78C9}.Debug|x86.ActiveCfg = Debug|Any CPU
		{67B7EA6F-DC34-4F48-8331-58DF137D78C9}.Release|Any CPU.ActiveCfg = Release|Any CPU
		{67B7EA6F-DC34-4F48-8331-58DF137D78C9}.Release|Any CPU.Build.0 = Release|Any CPU
		{67B7EA6F-DC34-4F48-8331-58DF137D78C9}.Release|ARM.ActiveCfg = Release|Any CPU
		{67B7EA6F-DC34-4F48-8331-58DF137D78C9}.Release|x64.ActiveCfg = Release|Any CPU
		{67B7EA6F-DC34-4F48-8331-58DF137D78C9}.Release|x86.ActiveCfg = Release|Any CPU
		{0DF0042E-769D-409B-A9F7-19449FD0AFD0}.Debug|Any CPU.ActiveCfg = Debug|Any CPU
		{0DF0042E-769D-409B-A9F7-19449FD0AFD0}.Debug|Any CPU.Build.0 = Debug|Any CPU
		{0DF0042E-769D-409B-A9F7-19449FD0AFD0}.Debug|ARM.ActiveCfg = Debug|Any CPU
		{0DF0042E-769D-409B-A9F7-19449FD0AFD0}.Debug|x64.ActiveCfg = Debug|Any CPU
		{0DF0042E-769D-409B-A9F7-19449FD0AFD0}.Debug|x86.ActiveCfg = Debug|Any CPU
		{0DF0042E-769D-409B-A9F7-19449FD0AFD0}.Release|Any CPU.ActiveCfg = Release|Any CPU
		{0DF0042E-769D-409B-A9F7-19449FD0AFD0}.Release|Any CPU.Build.0 = Release|Any CPU
		{0DF0042E-769D-409B-A9F7-19449FD0AFD0}.Release|ARM.ActiveCfg = Release|Any CPU
		{0DF0042E-769D-409B-A9F7-19449FD0AFD0}.Release|x64.ActiveCfg = Release|Any CPU
		{0DF0042E-769D-409B-A9F7-19449FD0AFD0}.Release|x86.ActiveCfg = Release|Any CPU
		{A5F20EAF-9E8E-4CED-90F3-F19869570B7C}.Debug|Any CPU.ActiveCfg = Debug|Any CPU
		{A5F20EAF-9E8E-4CED-90F3-F19869570B7C}.Debug|Any CPU.Build.0 = Debug|Any CPU
		{A5F20EAF-9E8E-4CED-90F3-F19869570B7C}.Debug|ARM.ActiveCfg = Debug|Any CPU
		{A5F20EAF-9E8E-4CED-90F3-F19869570B7C}.Debug|x64.ActiveCfg = Debug|Any CPU
		{A5F20EAF-9E8E-4CED-90F3-F19869570B7C}.Debug|x86.ActiveCfg = Debug|Any CPU
		{A5F20EAF-9E8E-4CED-90F3-F19869570B7C}.Release|Any CPU.ActiveCfg = Release|Any CPU
		{A5F20EAF-9E8E-4CED-90F3-F19869570B7C}.Release|Any CPU.Build.0 = Release|Any CPU
		{A5F20EAF-9E8E-4CED-90F3-F19869570B7C}.Release|ARM.ActiveCfg = Release|Any CPU
		{A5F20EAF-9E8E-4CED-90F3-F19869570B7C}.Release|x64.ActiveCfg = Release|Any CPU
		{A5F20EAF-9E8E-4CED-90F3-F19869570B7C}.Release|x86.ActiveCfg = Release|Any CPU
		{7B0E3BC1-4C1D-4748-B678-3197E8E194FC}.Debug|Any CPU.ActiveCfg = Debug|Any CPU
		{7B0E3BC1-4C1D-4748-B678-3197E8E194FC}.Debug|Any CPU.Build.0 = Debug|Any CPU
		{7B0E3BC1-4C1D-4748-B678-3197E8E194FC}.Debug|ARM.ActiveCfg = Debug|Any CPU
		{7B0E3BC1-4C1D-4748-B678-3197E8E194FC}.Debug|x64.ActiveCfg = Debug|Any CPU
		{7B0E3BC1-4C1D-4748-B678-3197E8E194FC}.Debug|x86.ActiveCfg = Debug|Any CPU
		{7B0E3BC1-4C1D-4748-B678-3197E8E194FC}.Release|Any CPU.ActiveCfg = Release|Any CPU
		{7B0E3BC1-4C1D-4748-B678-3197E8E194FC}.Release|Any CPU.Build.0 = Release|Any CPU
		{7B0E3BC1-4C1D-4748-B678-3197E8E194FC}.Release|ARM.ActiveCfg = Release|Any CPU
		{7B0E3BC1-4C1D-4748-B678-3197E8E194FC}.Release|x64.ActiveCfg = Release|Any CPU
		{7B0E3BC1-4C1D-4748-B678-3197E8E194FC}.Release|x86.ActiveCfg = Release|Any CPU
	EndGlobalSection
	GlobalSection(SolutionProperties) = preSolution
		HideSolutionNode = FALSE
	EndGlobalSection
EndGlobal
